// !$*UTF8*$!
{
	archiveVersion = 1;
	classes = {
	};
	objectVersion = 46;
	objects = {

/* Begin PBXBuildFile section */
		85973CB71D6D49DD00DC74E7 /* main.m in Sources */ = {isa = PBXBuildFile; fileRef = 85973CB61D6D49DD00DC74E7 /* main.m */; };
		85973CBA1D6D49DD00DC74E7 /* AppDelegate.m in Sources */ = {isa = PBXBuildFile; fileRef = 85973CB91D6D49DD00DC74E7 /* AppDelegate.m */; };
		85973CBD1D6D49DD00DC74E7 /* ViewController.m in Sources */ = {isa = PBXBuildFile; fileRef = 85973CBC1D6D49DD00DC74E7 /* ViewController.m */; };
		85973CC01D6D49DD00DC74E7 /* Main.storyboard in Resources */ = {isa = PBXBuildFile; fileRef = 85973CBE1D6D49DD00DC74E7 /* Main.storyboard */; };
		85973CC21D6D49DD00DC74E7 /* Assets.xcassets in Resources */ = {isa = PBXBuildFile; fileRef = 85973CC11D6D49DD00DC74E7 /* Assets.xcassets */; };
		85973CC51D6D49DD00DC74E7 /* LaunchScreen.storyboard in Resources */ = {isa = PBXBuildFile; fileRef = 85973CC31D6D49DD00DC74E7 /* LaunchScreen.storyboard */; };
		85973CD01D6D49DD00DC74E7 /* DreamsTests.m in Sources */ = {isa = PBXBuildFile; fileRef = 85973CCF1D6D49DD00DC74E7 /* DreamsTests.m */; };
		85973CDB1D6D49DE00DC74E7 /* DreamsUITests.m in Sources */ = {isa = PBXBuildFile; fileRef = 85973CDA1D6D49DE00DC74E7 /* DreamsUITests.m */; };
/* End PBXBuildFile section */

/* Begin PBXContainerItemProxy section */
		85973CCC1D6D49DD00DC74E7 /* PBXContainerItemProxy */ = {
			isa = PBXContainerItemProxy;
			containerPortal = 85973CAA1D6D49DD00DC74E7 /* Project object */;
			proxyType = 1;
			remoteGlobalIDString = 85973CB11D6D49DD00DC74E7;
			remoteInfo = Dreams;
		};
		85973CD71D6D49DE00DC74E7 /* PBXContainerItemProxy */ = {
			isa = PBXContainerItemProxy;
			containerPortal = 85973CAA1D6D49DD00DC74E7 /* Project object */;
			proxyType = 1;
			remoteGlobalIDString = 85973CB11D6D49DD00DC74E7;
			remoteInfo = Dreams;
		};
/* End PBXContainerItemProxy section */

/* Begin PBXFileReference section */
		85973CB21D6D49DD00DC74E7 /* Dreams.app */ = {isa = PBXFileReference; explicitFileType = wrapper.application; includeInIndex = 0; path = Dreams.app; sourceTree = BUILT_PRODUCTS_DIR; };
		85973CB61D6D49DD00DC74E7 /* main.m */ = {isa = PBXFileReference; lastKnownFileType = sourcecode.c.objc; path = main.m; sourceTree = "<group>"; };
		85973CB81D6D49DD00DC74E7 /* AppDelegate.h */ = {isa = PBXFileReference; lastKnownFileType = sourcecode.c.h; path = AppDelegate.h; sourceTree = "<group>"; };
		85973CB91D6D49DD00DC74E7 /* AppDelegate.m */ = {isa = PBXFileReference; lastKnownFileType = sourcecode.c.objc; path = AppDelegate.m; sourceTree = "<group>"; };
		85973CBB1D6D49DD00DC74E7 /* ViewController.h */ = {isa = PBXFileReference; lastKnownFileType = sourcecode.c.h; path = ViewController.h; sourceTree = "<group>"; };
		85973CBC1D6D49DD00DC74E7 /* ViewController.m */ = {isa = PBXFileReference; lastKnownFileType = sourcecode.c.objc; path = ViewController.m; sourceTree = "<group>"; };
		85973CBF1D6D49DD00DC74E7 /* Base */ = {isa = PBXFileReference; lastKnownFileType = file.storyboard; name = Base; path = Base.lproj/Main.storyboard; sourceTree = "<group>"; };
		85973CC11D6D49DD00DC74E7 /* Assets.xcassets */ = {isa = PBXFileReference; lastKnownFileType = folder.assetcatalog; path = Assets.xcassets; sourceTree = "<group>"; };
		85973CC41D6D49DD00DC74E7 /* Base */ = {isa = PBXFileReference; lastKnownFileType = file.storyboard; name = Base; path = Base.lproj/LaunchScreen.storyboard; sourceTree = "<group>"; };
		85973CC61D6D49DD00DC74E7 /* Info.plist */ = {isa = PBXFileReference; lastKnownFileType = text.plist.xml; path = Info.plist; sourceTree = "<group>"; };
		85973CCB1D6D49DD00DC74E7 /* DreamsTests.xctest */ = {isa = PBXFileReference; explicitFileType = wrapper.cfbundle; includeInIndex = 0; path = DreamsTests.xctest; sourceTree = BUILT_PRODUCTS_DIR; };
		85973CCF1D6D49DD00DC74E7 /* DreamsTests.m */ = {isa = PBXFileReference; lastKnownFileType = sourcecode.c.objc; path = DreamsTests.m; sourceTree = "<group>"; };
		85973CD11D6D49DE00DC74E7 /* Info.plist */ = {isa = PBXFileReference; lastKnownFileType = text.plist.xml; path = Info.plist; sourceTree = "<group>"; };
		85973CD61D6D49DE00DC74E7 /* DreamsUITests.xctest */ = {isa = PBXFileReference; explicitFileType = wrapper.cfbundle; includeInIndex = 0; path = DreamsUITests.xctest; sourceTree = BUILT_PRODUCTS_DIR; };
		85973CDA1D6D49DE00DC74E7 /* DreamsUITests.m */ = {isa = PBXFileReference; lastKnownFileType = sourcecode.c.objc; path = DreamsUITests.m; sourceTree = "<group>"; };
		85973CDC1D6D49DE00DC74E7 /* Info.plist */ = {isa = PBXFileReference; lastKnownFileType = text.plist.xml; path = Info.plist; sourceTree = "<group>"; };
/* End PBXFileReference section */

/* Begin PBXFrameworksBuildPhase section */
		85973CAF1D6D49DD00DC74E7 /* Frameworks */ = {
			isa = PBXFrameworksBuildPhase;
			buildActionMask = 2147483647;
			files = (
			);
			runOnlyForDeploymentPostprocessing = 0;
		};
		85973CC81D6D49DD00DC74E7 /* Frameworks */ = {
			isa = PBXFrameworksBuildPhase;
			buildActionMask = 2147483647;
			files = (
			);
			runOnlyForDeploymentPostprocessing = 0;
		};
		85973CD31D6D49DE00DC74E7 /* Frameworks */ = {
			isa = PBXFrameworksBuildPhase;
			buildActionMask = 2147483647;
			files = (
			);
			runOnlyForDeploymentPostprocessing = 0;
		};
/* End PBXFrameworksBuildPhase section */

/* Begin PBXGroup section */
		85973CA91D6D49DD00DC74E7 = {
			isa = PBXGroup;
			children = (
				85973CB41D6D49DD00DC74E7 /* Dreams */,
				85973CCE1D6D49DD00DC74E7 /* DreamsTests */,
				85973CD91D6D49DE00DC74E7 /* DreamsUITests */,
				85973CB31D6D49DD00DC74E7 /* Products */,
			);
			sourceTree = "<group>";
		};
		85973CB31D6D49DD00DC74E7 /* Products */ = {
			isa = PBXGroup;
			children = (
				85973CB21D6D49DD00DC74E7 /* Dreams.app */,
				85973CCB1D6D49DD00DC74E7 /* DreamsTests.xctest */,
				85973CD61D6D49DE00DC74E7 /* DreamsUITests.xctest */,
			);
			name = Products;
			sourceTree = "<group>";
		};
		85973CB41D6D49DD00DC74E7 /* Dreams */ = {
			isa = PBXGroup;
			children = (
				85973CB81D6D49DD00DC74E7 /* AppDelegate.h */,
				85973CB91D6D49DD00DC74E7 /* AppDelegate.m */,
				85973CBB1D6D49DD00DC74E7 /* ViewController.h */,
				85973CBC1D6D49DD00DC74E7 /* ViewController.m */,
				85973CBE1D6D49DD00DC74E7 /* Main.storyboard */,
				85973CC11D6D49DD00DC74E7 /* Assets.xcassets */,
				85973CC31D6D49DD00DC74E7 /* LaunchScreen.storyboard */,
				85973CC61D6D49DD00DC74E7 /* Info.plist */,
				85973CB51D6D49DD00DC74E7 /* Supporting Files */,
			);
			path = Dreams;
			sourceTree = "<group>";
		};
		85973CB51D6D49DD00DC74E7 /* Supporting Files */ = {
			isa = PBXGroup;
			children = (
				85973CB61D6D49DD00DC74E7 /* main.m */,
			);
			name = "Supporting Files";
			sourceTree = "<group>";
		};
		85973CCE1D6D49DD00DC74E7 /* DreamsTests */ = {
			isa = PBXGroup;
			children = (
				85973CCF1D6D49DD00DC74E7 /* DreamsTests.m */,
				85973CD11D6D49DE00DC74E7 /* Info.plist */,
			);
			path = DreamsTests;
			sourceTree = "<group>";
		};
		85973CD91D6D49DE00DC74E7 /* DreamsUITests */ = {
			isa = PBXGroup;
			children = (
				85973CDA1D6D49DE00DC74E7 /* DreamsUITests.m */,
				85973CDC1D6D49DE00DC74E7 /* Info.plist */,
			);
			path = DreamsUITests;
			sourceTree = "<group>";
		};
/* End PBXGroup section */

/* Begin PBXNativeTarget section */
		85973CB11D6D49DD00DC74E7 /* Dreams */ = {
			isa = PBXNativeTarget;
			buildConfigurationList = 85973CDF1D6D49DE00DC74E7 /* Build configuration list for PBXNativeTarget "Dreams" */;
			buildPhases = (
				85973CAE1D6D49DD00DC74E7 /* Sources */,
				85973CAF1D6D49DD00DC74E7 /* Frameworks */,
				85973CB01D6D49DD00DC74E7 /* Resources */,
			);
			buildRules = (
			);
			dependencies = (
			);
			name = Dreams;
			productName = Dreams;
			productReference = 85973CB21D6D49DD00DC74E7 /* Dreams.app */;
			productType = "com.apple.product-type.application";
		};
		85973CCA1D6D49DD00DC74E7 /* DreamsTests */ = {
			isa = PBXNativeTarget;
			buildConfigurationList = 85973CE21D6D49DE00DC74E7 /* Build configuration list for PBXNativeTarget "DreamsTests" */;
			buildPhases = (
				85973CC71D6D49DD00DC74E7 /* Sources */,
				85973CC81D6D49DD00DC74E7 /* Frameworks */,
				85973CC91D6D49DD00DC74E7 /* Resources */,
			);
			buildRules = (
			);
			dependencies = (
				85973CCD1D6D49DD00DC74E7 /* PBXTargetDependency */,
			);
			name = DreamsTests;
			productName = DreamsTests;
			productReference = 85973CCB1D6D49DD00DC74E7 /* DreamsTests.xctest */;
			productType = "com.apple.product-type.bundle.unit-test";
		};
		85973CD51D6D49DE00DC74E7 /* DreamsUITests */ = {
			isa = PBXNativeTarget;
			buildConfigurationList = 85973CE51D6D49DE00DC74E7 /* Build configuration list for PBXNativeTarget "DreamsUITests" */;
			buildPhases = (
				85973CD21D6D49DE00DC74E7 /* Sources */,
				85973CD31D6D49DE00DC74E7 /* Frameworks */,
				85973CD41D6D49DE00DC74E7 /* Resources */,
			);
			buildRules = (
			);
			dependencies = (
				85973CD81D6D49DE00DC74E7 /* PBXTargetDependency */,
			);
			name = DreamsUITests;
			productName = DreamsUITests;
			productReference = 85973CD61D6D49DE00DC74E7 /* DreamsUITests.xctest */;
			productType = "com.apple.product-type.bundle.ui-testing";
		};
/* End PBXNativeTarget section */

/* Begin PBXProject section */
		85973CAA1D6D49DD00DC74E7 /* Project object */ = {
			isa = PBXProject;
			attributes = {
				LastUpgradeCheck = 0730;
				ORGANIZATIONNAME = "黄永锐";
				TargetAttributes = {
					85973CB11D6D49DD00DC74E7 = {
						CreatedOnToolsVersion = 7.3.1;
					};
					85973CCA1D6D49DD00DC74E7 = {
						CreatedOnToolsVersion = 7.3.1;
						TestTargetID = 85973CB11D6D49DD00DC74E7;
					};
					85973CD51D6D49DE00DC74E7 = {
						CreatedOnToolsVersion = 7.3.1;
						TestTargetID = 85973CB11D6D49DD00DC74E7;
					};
				};
			};
			buildConfigurationList = 85973CAD1D6D49DD00DC74E7 /* Build configuration list for PBXProject "Dreams" */;
			compatibilityVersion = "Xcode 3.2";
			developmentRegion = English;
			hasScannedForEncodings = 0;
			knownRegions = (
				en,
				Base,
			);
			mainGroup = 85973CA91D6D49DD00DC74E7;
			productRefGroup = 85973CB31D6D49DD00DC74E7 /* Products */;
			projectDirPath = "";
			projectRoot = "";
			targets = (
				85973CB11D6D49DD00DC74E7 /* Dreams */,
				85973CCA1D6D49DD00DC74E7 /* DreamsTests */,
				85973CD51D6D49DE00DC74E7 /* DreamsUITests */,
			);
		};
/* End PBXProject section */

/* Begin PBXResourcesBuildPhase section */
		85973CB01D6D49DD00DC74E7 /* Resources */ = {
			isa = PBXResourcesBuildPhase;
			buildActionMask = 2147483647;
			files = (
				85973CC51D6D49DD00DC74E7 /* LaunchScreen.storyboard in Resources */,
				85973CC21D6D49DD00DC74E7 /* Assets.xcassets in Resources */,
				85973CC01D6D49DD00DC74E7 /* Main.storyboard in Resources */,
			);
			runOnlyForDeploymentPostprocessing = 0;
		};
		85973CC91D6D49DD00DC74E7 /* Resources */ = {
			isa = PBXResourcesBuildPhase;
			buildActionMask = 2147483647;
			files = (
			);
			runOnlyForDeploymentPostprocessing = 0;
		};
		85973CD41D6D49DE00DC74E7 /* Resources */ = {
			isa = PBXResourcesBuildPhase;
			buildActionMask = 2147483647;
			files = (
			);
			runOnlyForDeploymentPostprocessing = 0;
		};
/* End PBXResourcesBuildPhase section */

/* Begin PBXSourcesBuildPhase section */
		85973CAE1D6D49DD00DC74E7 /* Sources */ = {
			isa = PBXSourcesBuildPhase;
			buildActionMask = 2147483647;
			files = (
				85973CBD1D6D49DD00DC74E7 /* ViewController.m in Sources */,
				85973CBA1D6D49DD00DC74E7 /* AppDelegate.m in Sources */,
				85973CB71D6D49DD00DC74E7 /* main.m in Sources */,
			);
			runOnlyForDeploymentPostprocessing = 0;
		};
		85973CC71D6D49DD00DC74E7 /* Sources */ = {
			isa = PBXSourcesBuildPhase;
			buildActionMask = 2147483647;
			files = (
				85973CD01D6D49DD00DC74E7 /* DreamsTests.m in Sources */,
			);
			runOnlyForDeploymentPostprocessing = 0;
		};
		85973CD21D6D49DE00DC74E7 /* Sources */ = {
			isa = PBXSourcesBuildPhase;
			buildActionMask = 2147483647;
			files = (
				85973CDB1D6D49DE00DC74E7 /* DreamsUITests.m in Sources */,
			);
			runOnlyForDeploymentPostprocessing = 0;
		};
/* End PBXSourcesBuildPhase section */

/* Begin PBXTargetDependency section */
		85973CCD1D6D49DD00DC74E7 /* PBXTargetDependency */ = {
			isa = PBXTargetDependency;
			target = 85973CB11D6D49DD00DC74E7 /* Dreams */;
			targetProxy = 85973CCC1D6D49DD00DC74E7 /* PBXContainerItemProxy */;
		};
		85973CD81D6D49DE00DC74E7 /* PBXTargetDependency */ = {
			isa = PBXTargetDependency;
			target = 85973CB11D6D49DD00DC74E7 /* Dreams */;
			targetProxy = 85973CD71D6D49DE00DC74E7 /* PBXContainerItemProxy */;
		};
/* End PBXTargetDependency section */

/* Begin PBXVariantGroup section */
		85973CBE1D6D49DD00DC74E7 /* Main.storyboard */ = {
			isa = PBXVariantGroup;
			children = (
				85973CBF1D6D49DD00DC74E7 /* Base */,
			);
			name = Main.storyboard;
			sourceTree = "<group>";
		};
		85973CC31D6D49DD00DC74E7 /* LaunchScreen.storyboard */ = {
			isa = PBXVariantGroup;
			children = (
				85973CC41D6D49DD00DC74E7 /* Base */,
			);
			name = LaunchScreen.storyboard;
			sourceTree = "<group>";
		};
/* End PBXVariantGroup section */

/* Begin XCBuildConfiguration section */
		85973CDD1D6D49DE00DC74E7 /* Debug */ = {
			isa = XCBuildConfiguration;
			buildSettings = {
				ALWAYS_SEARCH_USER_PATHS = NO;
				CLANG_ANALYZER_NONNULL = YES;
				CLANG_CXX_LANGUAGE_STANDARD = "gnu++0x";
				CLANG_CXX_LIBRARY = "libc++";
				CLANG_ENABLE_MODULES = YES;
				CLANG_ENABLE_OBJC_ARC = YES;
				CLANG_WARN_BOOL_CONVERSION = YES;
				CLANG_WARN_CONSTANT_CONVERSION = YES;
				CLANG_WARN_DIRECT_OBJC_ISA_USAGE = YES_ERROR;
				CLANG_WARN_EMPTY_BODY = YES;
				CLANG_WARN_ENUM_CONVERSION = YES;
				CLANG_WARN_INT_CONVERSION = YES;
				CLANG_WARN_OBJC_ROOT_CLASS = YES_ERROR;
				CLANG_WARN_UNREACHABLE_CODE = YES;
				CLANG_WARN__DUPLICATE_METHOD_MATCH = YES;
				"CODE_SIGN_IDENTITY[sdk=iphoneos*]" = "iPhone Developer";
				COPY_PHASE_STRIP = NO;
				DEBUG_INFORMATION_FORMAT = dwarf;
				ENABLE_STRICT_OBJC_MSGSEND = YES;
				ENABLE_TESTABILITY = YES;
				GCC_C_LANGUAGE_STANDARD = gnu99;
				GCC_DYNAMIC_NO_PIC = NO;
				GCC_NO_COMMON_BLOCKS = YES;
				GCC_OPTIMIZATION_LEVEL = 0;
				GCC_PREPROCESSOR_DEFINITIONS = (
					"DEBUG=1",
					"$(inherited)",
				);
				GCC_WARN_64_TO_32_BIT_CONVERSION = YES;
				GCC_WARN_ABOUT_RETURN_TYPE = YES_ERROR;
				GCC_WARN_UNDECLARED_SELECTOR = YES;
				GCC_WARN_UNINITIALIZED_AUTOS = YES_AGGRESSIVE;
				GCC_WARN_UNUSED_FUNCTION = YES;
				GCC_WARN_UNUSED_VARIABLE = YES;
				IPHONEOS_DEPLOYMENT_TARGET = 9.3;
				MTL_ENABLE_DEBUG_INFO = YES;
				ONLY_ACTIVE_ARCH = YES;
				SDKROOT = iphoneos;
			};
			name = Debug;
		};
		85973CDE1D6D49DE00DC74E7 /* Release */ = {
			isa = XCBuildConfiguration;
			buildSettings = {
				ALWAYS_SEARCH_USER_PATHS = NO;
				CLANG_ANALYZER_NONNULL = YES;
				CLANG_CXX_LANGUAGE_STANDARD = "gnu++0x";
				CLANG_CXX_LIBRARY = "libc++";
				CLANG_ENABLE_MODULES = YES;
				CLANG_ENABLE_OBJC_ARC = YES;
				CLANG_WARN_BOOL_CONVERSION = YES;
				CLANG_WARN_CONSTANT_CONVERSION = YES;
				CLANG_WARN_DIRECT_OBJC_ISA_USAGE = YES_ERROR;
				CLANG_WARN_EMPTY_BODY = YES;
				CLANG_WARN_ENUM_CONVERSION = YES;
				CLANG_WARN_INT_CONVERSION = YES;
				CLANG_WARN_OBJC_ROOT_CLASS = YES_ERROR;
				CLANG_WARN_UNREACHABLE_CODE = YES;
				CLANG_WARN__DUPLICATE_METHOD_MATCH = YES;
				"CODE_SIGN_IDENTITY[sdk=iphoneos*]" = "iPhone Developer";
				COPY_PHASE_STRIP = NO;
				DEBUG_INFORMATION_FORMAT = "dwarf-with-dsym";
				ENABLE_NS_ASSERTIONS = NO;
				ENABLE_STRICT_OBJC_MSGSEND = YES;
				GCC_C_LANGUAGE_STANDARD = gnu99;
				GCC_NO_COMMON_BLOCKS = YES;
				GCC_WARN_64_TO_32_BIT_CONVERSION = YES;
				GCC_WARN_ABOUT_RETURN_TYPE = YES_ERROR;
				GCC_WARN_UNDECLARED_SELECTOR = YES;
				GCC_WARN_UNINITIALIZED_AUTOS = YES_AGGRESSIVE;
				GCC_WARN_UNUSED_FUNCTION = YES;
				GCC_WARN_UNUSED_VARIABLE = YES;
				IPHONEOS_DEPLOYMENT_TARGET = 9.3;
				MTL_ENABLE_DEBUG_INFO = NO;
				SDKROOT = iphoneos;
				VALIDATE_PRODUCT = YES;
			};
			name = Release;
		};
		85973CE01D6D49DE00DC74E7 /* Debug */ = {
			isa = XCBuildConfiguration;
			buildSettings = {
				ASSETCATALOG_COMPILER_APPICON_NAME = AppIcon;
				INFOPLIST_FILE = Dreams/Info.plist;
				LD_RUNPATH_SEARCH_PATHS = "$(inherited) @executable_path/Frameworks";
				PRODUCT_BUNDLE_IDENTIFIER = com.successful.Dreams;
				PRODUCT_NAME = "$(TARGET_NAME)";
			};
			name = Debug;
		};
		85973CE11D6D49DE00DC74E7 /* Release */ = {
			isa = XCBuildConfiguration;
			buildSettings = {
				ASSETCATALOG_COMPILER_APPICON_NAME = AppIcon;
				INFOPLIST_FILE = Dreams/Info.plist;
				LD_RUNPATH_SEARCH_PATHS = "$(inherited) @executable_path/Frameworks";
				PRODUCT_BUNDLE_IDENTIFIER = com.successful.Dreams;
				PRODUCT_NAME = "$(TARGET_NAME)";
			};
			name = Release;
		};
		85973CE31D6D49DE00DC74E7 /* Debug */ = {
			isa = XCBuildConfiguration;
			buildSettings = {
				BUNDLE_LOADER = "$(TEST_HOST)";
				INFOPLIST_FILE = DreamsTests/Info.plist;
				LD_RUNPATH_SEARCH_PATHS = "$(inherited) @executable_path/Frameworks @loader_path/Frameworks";
				PRODUCT_BUNDLE_IDENTIFIER = com.successful.DreamsTests;
				PRODUCT_NAME = "$(TARGET_NAME)";
				TEST_HOST = "$(BUILT_PRODUCTS_DIR)/Dreams.app/Dreams";
			};
			name = Debug;
		};
		85973CE41D6D49DE00DC74E7 /* Release */ = {
			isa = XCBuildConfiguration;
			buildSettings = {
				BUNDLE_LOADER = "$(TEST_HOST)";
				INFOPLIST_FILE = DreamsTests/Info.plist;
				LD_RUNPATH_SEARCH_PATHS = "$(inherited) @executable_path/Frameworks @loader_path/Frameworks";
				PRODUCT_BUNDLE_IDENTIFIER = com.successful.DreamsTests;
				PRODUCT_NAME = "$(TARGET_NAME)";
				TEST_HOST = "$(BUILT_PRODUCTS_DIR)/Dreams.app/Dreams";
			};
			name = Release;
		};
		85973CE61D6D49DE00DC74E7 /* Debug */ = {
			isa = XCBuildConfiguration;
			buildSettings = {
				INFOPLIST_FILE = DreamsUITests/Info.plist;
				LD_RUNPATH_SEARCH_PATHS = "$(inherited) @executable_path/Frameworks @loader_path/Frameworks";
				PRODUCT_BUNDLE_IDENTIFIER = com.successful.DreamsUITests;
				PRODUCT_NAME = "$(TARGET_NAME)";
				TEST_TARGET_NAME = Dreams;
			};
			name = Debug;
		};
		85973CE71D6D49DE00DC74E7 /* Release */ = {
			isa = XCBuildConfiguration;
			buildSettings = {
				INFOPLIST_FILE = DreamsUITests/Info.plist;
				LD_RUNPATH_SEARCH_PATHS = "$(inherited) @executable_path/Frameworks @loader_path/Frameworks";
				PRODUCT_BUNDLE_IDENTIFIER = com.successful.DreamsUITests;
				PRODUCT_NAME = "$(TARGET_NAME)";
				TEST_TARGET_NAME = Dreams;
			};
			name = Release;
		};
/* End XCBuildConfiguration section */

/* Begin XCConfigurationList section */
		85973CAD1D6D49DD00DC74E7 /* Build configuration list for PBXProject "Dreams" */ = {
			isa = XCConfigurationList;
			buildConfigurations = (
				85973CDD1D6D49DE00DC74E7 /* Debug */,
				85973CDE1D6D49DE00DC74E7 /* Release */,
			);
			defaultConfigurationIsVisible = 0;
			defaultConfigurationName = Release;
		};
		85973CDF1D6D49DE00DC74E7 /* Build configuration list for PBXNativeTarget "Dreams" */ = {
			isa = XCConfigurationList;
			buildConfigurations = (
				85973CE01D6D49DE00DC74E7 /* Debug */,
				85973CE11D6D49DE00DC74E7 /* Release */,
			);
			defaultConfigurationIsVisible = 0;
		};
		85973CE21D6D49DE00DC74E7 /* Build configuration list for PBXNativeTarget "DreamsTests" */ = {
			isa = XCConfigurationList;
			buildConfigurations = (
				85973CE31D6D49DE00DC74E7 /* Debug */,
				85973CE41D6D49DE00DC74E7 /* Release */,
			);
			defaultConfigurationIsVisible = 0;
		};
		85973CE51D6D49DE00DC74E7 /* Build configuration list for PBXNativeTarget "DreamsUITests" */ = {
			isa = XCConfigurationList;
			buildConfigurations = (
				85973CE61D6D49DE00DC74E7 /* Debug */,
				85973CE71D6D49DE00DC74E7 /* Release */,
			);
			defaultConfigurationIsVisible = 0;
		};
/* End XCConfigurationList section */
	};
	rootObject = 85973CAA1D6D49DD00DC74E7 /* Project object */;
}
