// !$*UTF8*$!
{
	archiveVersion = 1;
	classes = {
	};
	objectVersion = 46;
	objects = {

/* Begin PBXBuildFile section */
		723854A58C20898C9892673B /* libPods-Dreams.a in Frameworks */ = {isa = PBXBuildFile; fileRef = F8527901C00D60142688A21E /* libPods-Dreams.a */; };
		8519592D1D74218A00B9F56A /* AppDelegate.m in Sources */ = {isa = PBXBuildFile; fileRef = 8519592C1D74218A00B9F56A /* AppDelegate.m */; };
		851959361D74265600B9F56A /* MainCollectionViewController.m in Sources */ = {isa = PBXBuildFile; fileRef = 851959351D74265600B9F56A /* MainCollectionViewController.m */; };
		851959391D74268400B9F56A /* DreamCollectionViewCell.m in Sources */ = {isa = PBXBuildFile; fileRef = 851959381D74268400B9F56A /* DreamCollectionViewCell.m */; };
		8519593F1D74288200B9F56A /* DreamType.m in Sources */ = {isa = PBXBuildFile; fileRef = 8519593E1D74288200B9F56A /* DreamType.m */; };
		851959841D75601000B9F56A /* DreamFlowLayout.m in Sources */ = {isa = PBXBuildFile; fileRef = 851959831D75601000B9F56A /* DreamFlowLayout.m */; };
		851959871D7563C000B9F56A /* HttpTools.m in Sources */ = {isa = PBXBuildFile; fileRef = 851959861D7563C000B9F56A /* HttpTools.m */; };
		8584FE7D1D76812300B98663 /* DisplayDreamCell.m in Sources */ = {isa = PBXBuildFile; fileRef = 8584FE7C1D76812300B98663 /* DisplayDreamCell.m */; };
		8584FE7F1D7681B100B98663 /* DisplayDreamCell.xib in Resources */ = {isa = PBXBuildFile; fileRef = 8584FE7E1D7681B100B98663 /* DisplayDreamCell.xib */; };
		8584FEB11D768E6000B98663 /* 1.jpg in Resources */ = {isa = PBXBuildFile; fileRef = 8584FEA81D768E6000B98663 /* 1.jpg */; };
		8584FEB21D768E6000B98663 /* 2.jpg in Resources */ = {isa = PBXBuildFile; fileRef = 8584FEA91D768E6000B98663 /* 2.jpg */; };
		8584FEB31D768E6000B98663 /* 3.jpg in Resources */ = {isa = PBXBuildFile; fileRef = 8584FEAA1D768E6000B98663 /* 3.jpg */; };
		8584FEB41D768E6000B98663 /* 4.jpg in Resources */ = {isa = PBXBuildFile; fileRef = 8584FEAB1D768E6000B98663 /* 4.jpg */; };
		8584FEB51D768E6000B98663 /* 5.jpg in Resources */ = {isa = PBXBuildFile; fileRef = 8584FEAC1D768E6000B98663 /* 5.jpg */; };
		8584FEB61D768E6000B98663 /* 6.jpg in Resources */ = {isa = PBXBuildFile; fileRef = 8584FEAD1D768E6000B98663 /* 6.jpg */; };
		8584FEB71D768E6000B98663 /* 7.jpg in Resources */ = {isa = PBXBuildFile; fileRef = 8584FEAE1D768E6000B98663 /* 7.jpg */; };
		8584FEB81D768E6000B98663 /* 8.jpg in Resources */ = {isa = PBXBuildFile; fileRef = 8584FEAF1D768E6000B98663 /* 8.jpg */; };
		8584FEB91D768E6000B98663 /* 9.jpg in Resources */ = {isa = PBXBuildFile; fileRef = 8584FEB01D768E6000B98663 /* 9.jpg */; };
		8584FEBC1D76D5A000B98663 /* DreamDetailTableViewController.m in Sources */ = {isa = PBXBuildFile; fileRef = 8584FEBB1D76D5A000B98663 /* DreamDetailTableViewController.m */; };
		85973CB71D6D49DD00DC74E7 /* main.m in Sources */ = {isa = PBXBuildFile; fileRef = 85973CB61D6D49DD00DC74E7 /* main.m */; };
		85973CC01D6D49DD00DC74E7 /* Main.storyboard in Resources */ = {isa = PBXBuildFile; fileRef = 85973CBE1D6D49DD00DC74E7 /* Main.storyboard */; };
		85973CC21D6D49DD00DC74E7 /* Assets.xcassets in Resources */ = {isa = PBXBuildFile; fileRef = 85973CC11D6D49DD00DC74E7 /* Assets.xcassets */; };
		85973CC51D6D49DD00DC74E7 /* LaunchScreen.storyboard in Resources */ = {isa = PBXBuildFile; fileRef = 85973CC31D6D49DD00DC74E7 /* LaunchScreen.storyboard */; };
		85973CD01D6D49DD00DC74E7 /* DreamsTests.m in Sources */ = {isa = PBXBuildFile; fileRef = 85973CCF1D6D49DD00DC74E7 /* DreamsTests.m */; };
		85973CDB1D6D49DE00DC74E7 /* DreamsUITests.m in Sources */ = {isa = PBXBuildFile; fileRef = 85973CDA1D6D49DE00DC74E7 /* DreamsUITests.m */; };
		85D1FC951D7593F700FB9A4F /* HYRParse.m in Sources */ = {isa = PBXBuildFile; fileRef = 85D1FC941D7593F700FB9A4F /* HYRParse.m */; };
		868955C51D75E23200A3CF3D /* SearchViewController.m in Sources */ = {isa = PBXBuildFile; fileRef = 868955C41D75E23200A3CF3D /* SearchViewController.m */; };
		868955C81D75E8C900A3CF3D /* DreamInfo.m in Sources */ = {isa = PBXBuildFile; fileRef = 868955C71D75E8C900A3CF3D /* DreamInfo.m */; };
		868955CB1D75F0AC00A3CF3D /* DisplayDreamInfoTableViewController.m in Sources */ = {isa = PBXBuildFile; fileRef = 868955CA1D75F0AC00A3CF3D /* DisplayDreamInfoTableViewController.m */; };
/* End PBXBuildFile section */

/* Begin PBXContainerItemProxy section */
		85973CCC1D6D49DD00DC74E7 /* PBXContainerItemProxy */ = {
			isa = PBXContainerItemProxy;
			containerPortal = 85973CAA1D6D49DD00DC74E7 /* Project object */;
			proxyType = 1;
			remoteGlobalIDString = 85973CB11D6D49DD00DC74E7;
			remoteInfo = Dreams;
		};
		85973CD71D6D49DE00DC74E7 /* PBXContainerItemProxy */ = {
			isa = PBXContainerItemProxy;
			containerPortal = 85973CAA1D6D49DD00DC74E7 /* Project object */;
			proxyType = 1;
			remoteGlobalIDString = 85973CB11D6D49DD00DC74E7;
			remoteInfo = Dreams;
		};
/* End PBXContainerItemProxy section */

/* Begin PBXFileReference section */
		41F840468E5D21D880CE9F39 /* Pods-Dreams.release.xcconfig */ = {isa = PBXFileReference; includeInIndex = 1; lastKnownFileType = text.xcconfig; name = "Pods-Dreams.release.xcconfig"; path = "Pods/Target Support Files/Pods-Dreams/Pods-Dreams.release.xcconfig"; sourceTree = "<group>"; };
		8519592B1D74218A00B9F56A /* AppDelegate.h */ = {isa = PBXFileReference; fileEncoding = 4; lastKnownFileType = sourcecode.c.h; path = AppDelegate.h; sourceTree = "<group>"; };
		8519592C1D74218A00B9F56A /* AppDelegate.m */ = {isa = PBXFileReference; fileEncoding = 4; lastKnownFileType = sourcecode.c.objc; path = AppDelegate.m; sourceTree = "<group>"; };
		851959341D74265600B9F56A /* MainCollectionViewController.h */ = {isa = PBXFileReference; fileEncoding = 4; lastKnownFileType = sourcecode.c.h; path = MainCollectionViewController.h; sourceTree = "<group>"; };
		851959351D74265600B9F56A /* MainCollectionViewController.m */ = {isa = PBXFileReference; fileEncoding = 4; lastKnownFileType = sourcecode.c.objc; path = MainCollectionViewController.m; sourceTree = "<group>"; };
		851959371D74268400B9F56A /* DreamCollectionViewCell.h */ = {isa = PBXFileReference; fileEncoding = 4; lastKnownFileType = sourcecode.c.h; path = DreamCollectionViewCell.h; sourceTree = "<group>"; };
		851959381D74268400B9F56A /* DreamCollectionViewCell.m */ = {isa = PBXFileReference; fileEncoding = 4; lastKnownFileType = sourcecode.c.objc; path = DreamCollectionViewCell.m; sourceTree = "<group>"; };
		8519593D1D74288200B9F56A /* DreamType.h */ = {isa = PBXFileReference; fileEncoding = 4; lastKnownFileType = sourcecode.c.h; path = DreamType.h; sourceTree = "<group>"; };
		8519593E1D74288200B9F56A /* DreamType.m */ = {isa = PBXFileReference; fileEncoding = 4; lastKnownFileType = sourcecode.c.objc; path = DreamType.m; sourceTree = "<group>"; };
		851959821D75601000B9F56A /* DreamFlowLayout.h */ = {isa = PBXFileReference; fileEncoding = 4; lastKnownFileType = sourcecode.c.h; path = DreamFlowLayout.h; sourceTree = "<group>"; };
		851959831D75601000B9F56A /* DreamFlowLayout.m */ = {isa = PBXFileReference; fileEncoding = 4; lastKnownFileType = sourcecode.c.objc; path = DreamFlowLayout.m; sourceTree = "<group>"; };
		851959851D7563C000B9F56A /* HttpTools.h */ = {isa = PBXFileReference; fileEncoding = 4; lastKnownFileType = sourcecode.c.h; path = HttpTools.h; sourceTree = "<group>"; };
		851959861D7563C000B9F56A /* HttpTools.m */ = {isa = PBXFileReference; fileEncoding = 4; lastKnownFileType = sourcecode.c.objc; path = HttpTools.m; sourceTree = "<group>"; };
		8584FE7B1D76812300B98663 /* DisplayDreamCell.h */ = {isa = PBXFileReference; fileEncoding = 4; lastKnownFileType = sourcecode.c.h; path = DisplayDreamCell.h; sourceTree = "<group>"; };
		8584FE7C1D76812300B98663 /* DisplayDreamCell.m */ = {isa = PBXFileReference; fileEncoding = 4; lastKnownFileType = sourcecode.c.objc; path = DisplayDreamCell.m; sourceTree = "<group>"; };
		8584FE7E1D7681B100B98663 /* DisplayDreamCell.xib */ = {isa = PBXFileReference; fileEncoding = 4; lastKnownFileType = file.xib; path = DisplayDreamCell.xib; sourceTree = "<group>"; };
		8584FEA81D768E6000B98663 /* 1.jpg */ = {isa = PBXFileReference; lastKnownFileType = image.jpeg; path = 1.jpg; sourceTree = "<group>"; };
		8584FEA91D768E6000B98663 /* 2.jpg */ = {isa = PBXFileReference; lastKnownFileType = image.jpeg; path = 2.jpg; sourceTree = "<group>"; };
		8584FEAA1D768E6000B98663 /* 3.jpg */ = {isa = PBXFileReference; lastKnownFileType = image.jpeg; path = 3.jpg; sourceTree = "<group>"; };
		8584FEAB1D768E6000B98663 /* 4.jpg */ = {isa = PBXFileReference; lastKnownFileType = image.jpeg; path = 4.jpg; sourceTree = "<group>"; };
		8584FEAC1D768E6000B98663 /* 5.jpg */ = {isa = PBXFileReference; lastKnownFileType = image.jpeg; path = 5.jpg; sourceTree = "<group>"; };
		8584FEAD1D768E6000B98663 /* 6.jpg */ = {isa = PBXFileReference; lastKnownFileType = image.jpeg; path = 6.jpg; sourceTree = "<group>"; };
		8584FEAE1D768E6000B98663 /* 7.jpg */ = {isa = PBXFileReference; lastKnownFileType = image.jpeg; path = 7.jpg; sourceTree = "<group>"; };
		8584FEAF1D768E6000B98663 /* 8.jpg */ = {isa = PBXFileReference; lastKnownFileType = image.jpeg; path = 8.jpg; sourceTree = "<group>"; };
		8584FEB01D768E6000B98663 /* 9.jpg */ = {isa = PBXFileReference; lastKnownFileType = image.jpeg; path = 9.jpg; sourceTree = "<group>"; };
		8584FEBA1D76D5A000B98663 /* DreamDetailTableViewController.h */ = {isa = PBXFileReference; fileEncoding = 4; lastKnownFileType = sourcecode.c.h; path = DreamDetailTableViewController.h; sourceTree = "<group>"; };
		8584FEBB1D76D5A000B98663 /* DreamDetailTableViewController.m */ = {isa = PBXFileReference; fileEncoding = 4; lastKnownFileType = sourcecode.c.objc; path = DreamDetailTableViewController.m; sourceTree = "<group>"; };
		85973CB21D6D49DD00DC74E7 /* Dreams.app */ = {isa = PBXFileReference; explicitFileType = wrapper.application; includeInIndex = 0; path = Dreams.app; sourceTree = BUILT_PRODUCTS_DIR; };
		85973CB61D6D49DD00DC74E7 /* main.m */ = {isa = PBXFileReference; lastKnownFileType = sourcecode.c.objc; path = main.m; sourceTree = "<group>"; };
		85973CBF1D6D49DD00DC74E7 /* Base */ = {isa = PBXFileReference; lastKnownFileType = file.storyboard; name = Base; path = Base.lproj/Main.storyboard; sourceTree = "<group>"; };
		85973CC11D6D49DD00DC74E7 /* Assets.xcassets */ = {isa = PBXFileReference; lastKnownFileType = folder.assetcatalog; path = Assets.xcassets; sourceTree = "<group>"; };
		85973CC41D6D49DD00DC74E7 /* Base */ = {isa = PBXFileReference; lastKnownFileType = file.storyboard; name = Base; path = Base.lproj/LaunchScreen.storyboard; sourceTree = "<group>"; };
		85973CC61D6D49DD00DC74E7 /* Info.plist */ = {isa = PBXFileReference; lastKnownFileType = text.plist.xml; path = Info.plist; sourceTree = "<group>"; };
		85973CCB1D6D49DD00DC74E7 /* DreamsTests.xctest */ = {isa = PBXFileReference; explicitFileType = wrapper.cfbundle; includeInIndex = 0; path = DreamsTests.xctest; sourceTree = BUILT_PRODUCTS_DIR; };
		85973CCF1D6D49DD00DC74E7 /* DreamsTests.m */ = {isa = PBXFileReference; lastKnownFileType = sourcecode.c.objc; path = DreamsTests.m; sourceTree = "<group>"; };
		85973CD11D6D49DE00DC74E7 /* Info.plist */ = {isa = PBXFileReference; lastKnownFileType = text.plist.xml; path = Info.plist; sourceTree = "<group>"; };
		85973CD61D6D49DE00DC74E7 /* DreamsUITests.xctest */ = {isa = PBXFileReference; explicitFileType = wrapper.cfbundle; includeInIndex = 0; path = DreamsUITests.xctest; sourceTree = BUILT_PRODUCTS_DIR; };
		85973CDA1D6D49DE00DC74E7 /* DreamsUITests.m */ = {isa = PBXFileReference; lastKnownFileType = sourcecode.c.objc; path = DreamsUITests.m; sourceTree = "<group>"; };
		85973CDC1D6D49DE00DC74E7 /* Info.plist */ = {isa = PBXFileReference; lastKnownFileType = text.plist.xml; path = Info.plist; sourceTree = "<group>"; };
		85D1FC921D7587C400FB9A4F /* PrefixHeader.pch */ = {isa = PBXFileReference; fileEncoding = 4; lastKnownFileType = sourcecode.c.h; path = PrefixHeader.pch; sourceTree = "<group>"; };
		85D1FC931D7593F700FB9A4F /* HYRParse.h */ = {isa = PBXFileReference; fileEncoding = 4; lastKnownFileType = sourcecode.c.h; path = HYRParse.h; sourceTree = "<group>"; };
		85D1FC941D7593F700FB9A4F /* HYRParse.m */ = {isa = PBXFileReference; fileEncoding = 4; lastKnownFileType = sourcecode.c.objc; path = HYRParse.m; sourceTree = "<group>"; };
		868955C31D75E23200A3CF3D /* SearchViewController.h */ = {isa = PBXFileReference; fileEncoding = 4; lastKnownFileType = sourcecode.c.h; path = SearchViewController.h; sourceTree = "<group>"; };
		868955C41D75E23200A3CF3D /* SearchViewController.m */ = {isa = PBXFileReference; fileEncoding = 4; lastKnownFileType = sourcecode.c.objc; path = SearchViewController.m; sourceTree = "<group>"; };
		868955C61D75E8C900A3CF3D /* DreamInfo.h */ = {isa = PBXFileReference; fileEncoding = 4; lastKnownFileType = sourcecode.c.h; path = DreamInfo.h; sourceTree = "<group>"; };
		868955C71D75E8C900A3CF3D /* DreamInfo.m */ = {isa = PBXFileReference; fileEncoding = 4; lastKnownFileType = sourcecode.c.objc; path = DreamInfo.m; sourceTree = "<group>"; };
		868955C91D75F0AC00A3CF3D /* DisplayDreamInfoTableViewController.h */ = {isa = PBXFileReference; fileEncoding = 4; lastKnownFileType = sourcecode.c.h; path = DisplayDreamInfoTableViewController.h; sourceTree = "<group>"; };
		868955CA1D75F0AC00A3CF3D /* DisplayDreamInfoTableViewController.m */ = {isa = PBXFileReference; fileEncoding = 4; lastKnownFileType = sourcecode.c.objc; path = DisplayDreamInfoTableViewController.m; sourceTree = "<group>"; };
		D210050C36A65F51C5702723 /* Pods-Dreams.debug.xcconfig */ = {isa = PBXFileReference; includeInIndex = 1; lastKnownFileType = text.xcconfig; name = "Pods-Dreams.debug.xcconfig"; path = "Pods/Target Support Files/Pods-Dreams/Pods-Dreams.debug.xcconfig"; sourceTree = "<group>"; };
		F8527901C00D60142688A21E /* libPods-Dreams.a */ = {isa = PBXFileReference; explicitFileType = archive.ar; includeInIndex = 0; path = "libPods-Dreams.a"; sourceTree = BUILT_PRODUCTS_DIR; };
/* End PBXFileReference section */

/* Begin PBXFrameworksBuildPhase section */
		85973CAF1D6D49DD00DC74E7 /* Frameworks */ = {
			isa = PBXFrameworksBuildPhase;
			buildActionMask = 2147483647;
			files = (
				723854A58C20898C9892673B /* libPods-Dreams.a in Frameworks */,
			);
			runOnlyForDeploymentPostprocessing = 0;
		};
		85973CC81D6D49DD00DC74E7 /* Frameworks */ = {
			isa = PBXFrameworksBuildPhase;
			buildActionMask = 2147483647;
			files = (
			);
			runOnlyForDeploymentPostprocessing = 0;
		};
		85973CD31D6D49DE00DC74E7 /* Frameworks */ = {
			isa = PBXFrameworksBuildPhase;
			buildActionMask = 2147483647;
			files = (
			);
			runOnlyForDeploymentPostprocessing = 0;
		};
/* End PBXFrameworksBuildPhase section */

/* Begin PBXGroup section */
		84E9AFF3131D6D133C330DE9 /* Frameworks */ = {
			isa = PBXGroup;
			children = (
				F8527901C00D60142688A21E /* libPods-Dreams.a */,
			);
			name = Frameworks;
			sourceTree = "<group>";
		};
		851959231D74206B00B9F56A /* Classes */ = {
			isa = PBXGroup;
			children = (
				851959241D74207C00B9F56A /* Main */,
				851959271D7420A100B9F56A /* Tools */,
				851959251D74208D00B9F56A /* Other */,
				8584FEA71D768E3900B98663 /* Category */,
				8584FEA61D768E2500B98663 /* Lib */,
				8584FEA51D768E1300B98663 /* DB */,
				8584FEA41D768DE300B98663 /* images */,
			);
			path = Classes;
			sourceTree = "<group>";
		};
		851959241D74207C00B9F56A /* Main */ = {
			isa = PBXGroup;
			children = (
				8519592A1D7420CC00B9F56A /* Controllers */,
				851959291D7420C000B9F56A /* Views */,
				851959281D7420B500B9F56A /* Model */,
			);
			path = Main;
			sourceTree = "<group>";
		};
		851959251D74208D00B9F56A /* Other */ = {
			isa = PBXGroup;
			children = (
				85973CBE1D6D49DD00DC74E7 /* Main.storyboard */,
				85973CC31D6D49DD00DC74E7 /* LaunchScreen.storyboard */,
				8519592B1D74218A00B9F56A /* AppDelegate.h */,
				8519592C1D74218A00B9F56A /* AppDelegate.m */,
				85D1FC921D7587C400FB9A4F /* PrefixHeader.pch */,
			);
			path = Other;
			sourceTree = "<group>";
		};
		851959271D7420A100B9F56A /* Tools */ = {
			isa = PBXGroup;
			children = (
				851959851D7563C000B9F56A /* HttpTools.h */,
				851959861D7563C000B9F56A /* HttpTools.m */,
				85D1FC931D7593F700FB9A4F /* HYRParse.h */,
				85D1FC941D7593F700FB9A4F /* HYRParse.m */,
			);
			path = Tools;
			sourceTree = "<group>";
		};
		851959281D7420B500B9F56A /* Model */ = {
			isa = PBXGroup;
			children = (
				8519593D1D74288200B9F56A /* DreamType.h */,
				8519593E1D74288200B9F56A /* DreamType.m */,
				868955C61D75E8C900A3CF3D /* DreamInfo.h */,
				868955C71D75E8C900A3CF3D /* DreamInfo.m */,
			);
			path = Model;
			sourceTree = "<group>";
		};
		851959291D7420C000B9F56A /* Views */ = {
			isa = PBXGroup;
			children = (
				851959371D74268400B9F56A /* DreamCollectionViewCell.h */,
				851959381D74268400B9F56A /* DreamCollectionViewCell.m */,
				851959821D75601000B9F56A /* DreamFlowLayout.h */,
				851959831D75601000B9F56A /* DreamFlowLayout.m */,
				8584FE7B1D76812300B98663 /* DisplayDreamCell.h */,
				8584FE7C1D76812300B98663 /* DisplayDreamCell.m */,
				8584FE7E1D7681B100B98663 /* DisplayDreamCell.xib */,
			);
			path = Views;
			sourceTree = "<group>";
		};
		8519592A1D7420CC00B9F56A /* Controllers */ = {
			isa = PBXGroup;
			children = (
				851959341D74265600B9F56A /* MainCollectionViewController.h */,
				851959351D74265600B9F56A /* MainCollectionViewController.m */,
				868955C31D75E23200A3CF3D /* SearchViewController.h */,
				868955C41D75E23200A3CF3D /* SearchViewController.m */,
				868955C91D75F0AC00A3CF3D /* DisplayDreamInfoTableViewController.h */,
				868955CA1D75F0AC00A3CF3D /* DisplayDreamInfoTableViewController.m */,
				8584FEBA1D76D5A000B98663 /* DreamDetailTableViewController.h */,
				8584FEBB1D76D5A000B98663 /* DreamDetailTableViewController.m */,
			);
			path = Controllers;
			sourceTree = "<group>";
		};
		8584FEA41D768DE300B98663 /* images */ = {
			isa = PBXGroup;
			children = (
				8584FEA81D768E6000B98663 /* 1.jpg */,
				8584FEA91D768E6000B98663 /* 2.jpg */,
				8584FEAA1D768E6000B98663 /* 3.jpg */,
				8584FEAB1D768E6000B98663 /* 4.jpg */,
				8584FEAC1D768E6000B98663 /* 5.jpg */,
				8584FEAD1D768E6000B98663 /* 6.jpg */,
				8584FEAE1D768E6000B98663 /* 7.jpg */,
				8584FEAF1D768E6000B98663 /* 8.jpg */,
				8584FEB01D768E6000B98663 /* 9.jpg */,
			);
			path = images;
			sourceTree = "<group>";
		};
		8584FEA51D768E1300B98663 /* DB */ = {
			isa = PBXGroup;
			children = (
			);
			path = DB;
			sourceTree = "<group>";
		};
		8584FEA61D768E2500B98663 /* Lib */ = {
			isa = PBXGroup;
			children = (
			);
			path = Lib;
			sourceTree = "<group>";
		};
		8584FEA71D768E3900B98663 /* Category */ = {
			isa = PBXGroup;
			children = (
			);
			path = Category;
			sourceTree = "<group>";
		};
		85973CA91D6D49DD00DC74E7 = {
			isa = PBXGroup;
			children = (
				85973CB41D6D49DD00DC74E7 /* Dreams */,
				85973CCE1D6D49DD00DC74E7 /* DreamsTests */,
				85973CD91D6D49DE00DC74E7 /* DreamsUITests */,
				85973CB31D6D49DD00DC74E7 /* Products */,
				B6E57306E78A9815300C7C01 /* Pods */,
				84E9AFF3131D6D133C330DE9 /* Frameworks */,
			);
			sourceTree = "<group>";
		};
		85973CB31D6D49DD00DC74E7 /* Products */ = {
			isa = PBXGroup;
			children = (
				85973CB21D6D49DD00DC74E7 /* Dreams.app */,
				85973CCB1D6D49DD00DC74E7 /* DreamsTests.xctest */,
				85973CD61D6D49DE00DC74E7 /* DreamsUITests.xctest */,
			);
			name = Products;
			sourceTree = "<group>";
		};
		85973CB41D6D49DD00DC74E7 /* Dreams */ = {
			isa = PBXGroup;
			children = (
				851959231D74206B00B9F56A /* Classes */,
				85973CC11D6D49DD00DC74E7 /* Assets.xcassets */,
				85973CC61D6D49DD00DC74E7 /* Info.plist */,
				85973CB51D6D49DD00DC74E7 /* Supporting Files */,
			);
			path = Dreams;
			sourceTree = "<group>";
		};
		85973CB51D6D49DD00DC74E7 /* Supporting Files */ = {
			isa = PBXGroup;
			children = (
				85973CB61D6D49DD00DC74E7 /* main.m */,
			);
			name = "Supporting Files";
			sourceTree = "<group>";
		};
		85973CCE1D6D49DD00DC74E7 /* DreamsTests */ = {
			isa = PBXGroup;
			children = (
				85973CCF1D6D49DD00DC74E7 /* DreamsTests.m */,
				85973CD11D6D49DE00DC74E7 /* Info.plist */,
			);
			path = DreamsTests;
			sourceTree = "<group>";
		};
		85973CD91D6D49DE00DC74E7 /* DreamsUITests */ = {
			isa = PBXGroup;
			children = (
				85973CDA1D6D49DE00DC74E7 /* DreamsUITests.m */,
				85973CDC1D6D49DE00DC74E7 /* Info.plist */,
			);
			path = DreamsUITests;
			sourceTree = "<group>";
		};
		B6E57306E78A9815300C7C01 /* Pods */ = {
			isa = PBXGroup;
			children = (
				D210050C36A65F51C5702723 /* Pods-Dreams.debug.xcconfig */,
				41F840468E5D21D880CE9F39 /* Pods-Dreams.release.xcconfig */,
			);
			name = Pods;
			sourceTree = "<group>";
		};
/* End PBXGroup section */

/* Begin PBXNativeTarget section */
		85973CB11D6D49DD00DC74E7 /* Dreams */ = {
			isa = PBXNativeTarget;
			buildConfigurationList = 85973CDF1D6D49DE00DC74E7 /* Build configuration list for PBXNativeTarget "Dreams" */;
			buildPhases = (
				8BDFFD20945E944EAC2D97B3 /* 📦 Check Pods Manifest.lock */,
				BDE8D8DB2903335D83427379 /* [CP] Check Pods Manifest.lock */,
				85973CAE1D6D49DD00DC74E7 /* Sources */,
				85973CAF1D6D49DD00DC74E7 /* Frameworks */,
				85973CB01D6D49DD00DC74E7 /* Resources */,
				90DD83F8D8967D0F8AF58BCE /* [CP] Embed Pods Frameworks */,
				693DACE80F5C4F545ED30558 /* [CP] Copy Pods Resources */,
				E792FB8282000A33F20DAE63 /* 📦 Embed Pods Frameworks */,
				3C43CAF9AE0593830C3D73C7 /* 📦 Copy Pods Resources */,
			);
			buildRules = (
			);
			dependencies = (
			);
			name = Dreams;
			productName = Dreams;
			productReference = 85973CB21D6D49DD00DC74E7 /* Dreams.app */;
			productType = "com.apple.product-type.application";
		};
		85973CCA1D6D49DD00DC74E7 /* DreamsTests */ = {
			isa = PBXNativeTarget;
			buildConfigurationList = 85973CE21D6D49DE00DC74E7 /* Build configuration list for PBXNativeTarget "DreamsTests" */;
			buildPhases = (
				85973CC71D6D49DD00DC74E7 /* Sources */,
				85973CC81D6D49DD00DC74E7 /* Frameworks */,
				85973CC91D6D49DD00DC74E7 /* Resources */,
			);
			buildRules = (
			);
			dependencies = (
				85973CCD1D6D49DD00DC74E7 /* PBXTargetDependency */,
			);
			name = DreamsTests;
			productName = DreamsTests;
			productReference = 85973CCB1D6D49DD00DC74E7 /* DreamsTests.xctest */;
			productType = "com.apple.product-type.bundle.unit-test";
		};
		85973CD51D6D49DE00DC74E7 /* DreamsUITests */ = {
			isa = PBXNativeTarget;
			buildConfigurationList = 85973CE51D6D49DE00DC74E7 /* Build configuration list for PBXNativeTarget "DreamsUITests" */;
			buildPhases = (
				85973CD21D6D49DE00DC74E7 /* Sources */,
				85973CD31D6D49DE00DC74E7 /* Frameworks */,
				85973CD41D6D49DE00DC74E7 /* Resources */,
			);
			buildRules = (
			);
			dependencies = (
				85973CD81D6D49DE00DC74E7 /* PBXTargetDependency */,
			);
			name = DreamsUITests;
			productName = DreamsUITests;
			productReference = 85973CD61D6D49DE00DC74E7 /* DreamsUITests.xctest */;
			productType = "com.apple.product-type.bundle.ui-testing";
		};
/* End PBXNativeTarget section */

/* Begin PBXProject section */
		85973CAA1D6D49DD00DC74E7 /* Project object */ = {
			isa = PBXProject;
			attributes = {
				LastUpgradeCheck = 0730;
				ORGANIZATIONNAME = "黄永锐";
				TargetAttributes = {
					85973CB11D6D49DD00DC74E7 = {
						CreatedOnToolsVersion = 7.3.1;
					};
					85973CCA1D6D49DD00DC74E7 = {
						CreatedOnToolsVersion = 7.3.1;
						TestTargetID = 85973CB11D6D49DD00DC74E7;
					};
					85973CD51D6D49DE00DC74E7 = {
						CreatedOnToolsVersion = 7.3.1;
						TestTargetID = 85973CB11D6D49DD00DC74E7;
					};
				};
			};
			buildConfigurationList = 85973CAD1D6D49DD00DC74E7 /* Build configuration list for PBXProject "Dreams" */;
			compatibilityVersion = "Xcode 3.2";
			developmentRegion = English;
			hasScannedForEncodings = 0;
			knownRegions = (
				en,
				Base,
			);
			mainGroup = 85973CA91D6D49DD00DC74E7;
			productRefGroup = 85973CB31D6D49DD00DC74E7 /* Products */;
			projectDirPath = "";
			projectRoot = "";
			targets = (
				85973CB11D6D49DD00DC74E7 /* Dreams */,
				85973CCA1D6D49DD00DC74E7 /* DreamsTests */,
				85973CD51D6D49DE00DC74E7 /* DreamsUITests */,
			);
		};
/* End PBXProject section */

/* Begin PBXResourcesBuildPhase section */
		85973CB01D6D49DD00DC74E7 /* Resources */ = {
			isa = PBXResourcesBuildPhase;
			buildActionMask = 2147483647;
			files = (
				8584FEB91D768E6000B98663 /* 9.jpg in Resources */,
				8584FEB81D768E6000B98663 /* 8.jpg in Resources */,
				8584FEB71D768E6000B98663 /* 7.jpg in Resources */,
				8584FEB41D768E6000B98663 /* 4.jpg in Resources */,
				8584FEB21D768E6000B98663 /* 2.jpg in Resources */,
				8584FE7F1D7681B100B98663 /* DisplayDreamCell.xib in Resources */,
				8584FEB51D768E6000B98663 /* 5.jpg in Resources */,
				8584FEB61D768E6000B98663 /* 6.jpg in Resources */,
				85973CC51D6D49DD00DC74E7 /* LaunchScreen.storyboard in Resources */,
				85973CC21D6D49DD00DC74E7 /* Assets.xcassets in Resources */,
				85973CC01D6D49DD00DC74E7 /* Main.storyboard in Resources */,
				8584FEB31D768E6000B98663 /* 3.jpg in Resources */,
				8584FEB11D768E6000B98663 /* 1.jpg in Resources */,
			);
			runOnlyForDeploymentPostprocessing = 0;
		};
		85973CC91D6D49DD00DC74E7 /* Resources */ = {
			isa = PBXResourcesBuildPhase;
			buildActionMask = 2147483647;
			files = (
			);
			runOnlyForDeploymentPostprocessing = 0;
		};
		85973CD41D6D49DE00DC74E7 /* Resources */ = {
			isa = PBXResourcesBuildPhase;
			buildActionMask = 2147483647;
			files = (
			);
			runOnlyForDeploymentPostprocessing = 0;
		};
/* End PBXResourcesBuildPhase section */

/* Begin PBXShellScriptBuildPhase section */
		3C43CAF9AE0593830C3D73C7 /* 📦 Copy Pods Resources */ = {
			isa = PBXShellScriptBuildPhase;
			buildActionMask = 2147483647;
			files = (
			);
			inputPaths = (
			);
			name = "📦 Copy Pods Resources";
			outputPaths = (
			);
			runOnlyForDeploymentPostprocessing = 0;
			shellPath = /bin/sh;
			shellScript = "\"${SRCROOT}/Pods/Target Support Files/Pods-Dreams/Pods-Dreams-resources.sh\"\n";
			showEnvVarsInLog = 0;
		};
		693DACE80F5C4F545ED30558 /* [CP] Copy Pods Resources */ = {
			isa = PBXShellScriptBuildPhase;
			buildActionMask = 2147483647;
			files = (
			);
			inputPaths = (
			);
			name = "[CP] Copy Pods Resources";
			outputPaths = (
			);
			runOnlyForDeploymentPostprocessing = 0;
			shellPath = /bin/sh;
			shellScript = "\"${SRCROOT}/Pods/Target Support Files/Pods-Dreams/Pods-Dreams-resources.sh\"\n";
			showEnvVarsInLog = 0;
		};
		8BDFFD20945E944EAC2D97B3 /* 📦 Check Pods Manifest.lock */ = {
			isa = PBXShellScriptBuildPhase;
			buildActionMask = 2147483647;
			files = (
			);
			inputPaths = (
			);
			name = "📦 Check Pods Manifest.lock";
			outputPaths = (
			);
			runOnlyForDeploymentPostprocessing = 0;
			shellPath = /bin/sh;
			shellScript = "diff \"${PODS_ROOT}/../Podfile.lock\" \"${PODS_ROOT}/Manifest.lock\" > /dev/null\nif [[ $? != 0 ]] ; then\n    cat << EOM\nerror: The sandbox is not in sync with the Podfile.lock. Run 'pod install' or update your CocoaPods installation.\nEOM\n    exit 1\nfi\n";
			showEnvVarsInLog = 0;
		};
		90DD83F8D8967D0F8AF58BCE /* [CP] Embed Pods Frameworks */ = {
			isa = PBXShellScriptBuildPhase;
			buildActionMask = 2147483647;
			files = (
			);
			inputPaths = (
			);
			name = "[CP] Embed Pods Frameworks";
			outputPaths = (
			);
			runOnlyForDeploymentPostprocessing = 0;
			shellPath = /bin/sh;
			shellScript = "\"${SRCROOT}/Pods/Target Support Files/Pods-Dreams/Pods-Dreams-frameworks.sh\"\n";
			showEnvVarsInLog = 0;
		};
		BDE8D8DB2903335D83427379 /* [CP] Check Pods Manifest.lock */ = {
			isa = PBXShellScriptBuildPhase;
			buildActionMask = 2147483647;
			files = (
			);
			inputPaths = (
			);
			name = "[CP] Check Pods Manifest.lock";
			outputPaths = (
			);
			runOnlyForDeploymentPostprocessing = 0;
			shellPath = /bin/sh;
			shellScript = "diff \"${PODS_ROOT}/../Podfile.lock\" \"${PODS_ROOT}/Manifest.lock\" > /dev/null\nif [[ $? != 0 ]] ; then\n    cat << EOM\nerror: The sandbox is not in sync with the Podfile.lock. Run 'pod install' or update your CocoaPods installation.\nEOM\n    exit 1\nfi\n";
			showEnvVarsInLog = 0;
		};
		E792FB8282000A33F20DAE63 /* 📦 Embed Pods Frameworks */ = {
			isa = PBXShellScriptBuildPhase;
			buildActionMask = 2147483647;
			files = (
			);
			inputPaths = (
			);
			name = "📦 Embed Pods Frameworks";
			outputPaths = (
			);
			runOnlyForDeploymentPostprocessing = 0;
			shellPath = /bin/sh;
			shellScript = "\"${SRCROOT}/Pods/Target Support Files/Pods-Dreams/Pods-Dreams-frameworks.sh\"\n";
			showEnvVarsInLog = 0;
		};
/* End PBXShellScriptBuildPhase section */

/* Begin PBXSourcesBuildPhase section */
		85973CAE1D6D49DD00DC74E7 /* Sources */ = {
			isa = PBXSourcesBuildPhase;
			buildActionMask = 2147483647;
			files = (
				851959391D74268400B9F56A /* DreamCollectionViewCell.m in Sources */,
				851959361D74265600B9F56A /* MainCollectionViewController.m in Sources */,
				8519592D1D74218A00B9F56A /* AppDelegate.m in Sources */,
				85D1FC951D7593F700FB9A4F /* HYRParse.m in Sources */,
				8584FEBC1D76D5A000B98663 /* DreamDetailTableViewController.m in Sources */,
				868955C51D75E23200A3CF3D /* SearchViewController.m in Sources */,
				868955C81D75E8C900A3CF3D /* DreamInfo.m in Sources */,
				85973CB71D6D49DD00DC74E7 /* main.m in Sources */,
				868955CB1D75F0AC00A3CF3D /* DisplayDreamInfoTableViewController.m in Sources */,
				8584FE7D1D76812300B98663 /* DisplayDreamCell.m in Sources */,
				851959871D7563C000B9F56A /* HttpTools.m in Sources */,
				8519593F1D74288200B9F56A /* DreamType.m in Sources */,
				851959841D75601000B9F56A /* DreamFlowLayout.m in Sources */,
			);
			runOnlyForDeploymentPostprocessing = 0;
		};
		85973CC71D6D49DD00DC74E7 /* Sources */ = {
			isa = PBXSourcesBuildPhase;
			buildActionMask = 2147483647;
			files = (
				85973CD01D6D49DD00DC74E7 /* DreamsTests.m in Sources */,
			);
			runOnlyForDeploymentPostprocessing = 0;
		};
		85973CD21D6D49DE00DC74E7 /* Sources */ = {
			isa = PBXSourcesBuildPhase;
			buildActionMask = 2147483647;
			files = (
				85973CDB1D6D49DE00DC74E7 /* DreamsUITests.m in Sources */,
			);
			runOnlyForDeploymentPostprocessing = 0;
		};
/* End PBXSourcesBuildPhase section */

/* Begin PBXTargetDependency section */
		85973CCD1D6D49DD00DC74E7 /* PBXTargetDependency */ = {
			isa = PBXTargetDependency;
			target = 85973CB11D6D49DD00DC74E7 /* Dreams */;
			targetProxy = 85973CCC1D6D49DD00DC74E7 /* PBXContainerItemProxy */;
		};
		85973CD81D6D49DE00DC74E7 /* PBXTargetDependency */ = {
			isa = PBXTargetDependency;
			target = 85973CB11D6D49DD00DC74E7 /* Dreams */;
			targetProxy = 85973CD71D6D49DE00DC74E7 /* PBXContainerItemProxy */;
		};
/* End PBXTargetDependency section */

/* Begin PBXVariantGroup section */
		85973CBE1D6D49DD00DC74E7 /* Main.storyboard */ = {
			isa = PBXVariantGroup;
			children = (
				85973CBF1D6D49DD00DC74E7 /* Base */,
			);
			name = Main.storyboard;
			path = ../..;
			sourceTree = "<group>";
		};
		85973CC31D6D49DD00DC74E7 /* LaunchScreen.storyboard */ = {
			isa = PBXVariantGroup;
			children = (
				85973CC41D6D49DD00DC74E7 /* Base */,
			);
			name = LaunchScreen.storyboard;
			path = ../..;
			sourceTree = "<group>";
		};
/* End PBXVariantGroup section */

/* Begin XCBuildConfiguration section */
		85973CDD1D6D49DE00DC74E7 /* Debug */ = {
			isa = XCBuildConfiguration;
			buildSettings = {
				ALWAYS_SEARCH_USER_PATHS = NO;
				CLANG_ANALYZER_NONNULL = YES;
				CLANG_CXX_LANGUAGE_STANDARD = "gnu++0x";
				CLANG_CXX_LIBRARY = "libc++";
				CLANG_ENABLE_MODULES = YES;
				CLANG_ENABLE_OBJC_ARC = YES;
				CLANG_WARN_BOOL_CONVERSION = YES;
				CLANG_WARN_CONSTANT_CONVERSION = YES;
				CLANG_WARN_DIRECT_OBJC_ISA_USAGE = YES_ERROR;
				CLANG_WARN_EMPTY_BODY = YES;
				CLANG_WARN_ENUM_CONVERSION = YES;
				CLANG_WARN_INT_CONVERSION = YES;
				CLANG_WARN_OBJC_ROOT_CLASS = YES_ERROR;
				CLANG_WARN_UNREACHABLE_CODE = YES;
				CLANG_WARN__DUPLICATE_METHOD_MATCH = YES;
				"CODE_SIGN_IDENTITY[sdk=iphoneos*]" = "iPhone Developer";
				COPY_PHASE_STRIP = NO;
				DEBUG_INFORMATION_FORMAT = dwarf;
				ENABLE_STRICT_OBJC_MSGSEND = YES;
				ENABLE_TESTABILITY = YES;
				GCC_C_LANGUAGE_STANDARD = gnu99;
				GCC_DYNAMIC_NO_PIC = NO;
				GCC_NO_COMMON_BLOCKS = YES;
				GCC_OPTIMIZATION_LEVEL = 0;
				GCC_PREPROCESSOR_DEFINITIONS = (
					"DEBUG=1",
					"$(inherited)",
				);
				GCC_WARN_64_TO_32_BIT_CONVERSION = YES;
				GCC_WARN_ABOUT_RETURN_TYPE = YES_ERROR;
				GCC_WARN_UNDECLARED_SELECTOR = YES;
				GCC_WARN_UNINITIALIZED_AUTOS = YES_AGGRESSIVE;
				GCC_WARN_UNUSED_FUNCTION = YES;
				GCC_WARN_UNUSED_VARIABLE = YES;
				IPHONEOS_DEPLOYMENT_TARGET = 9.3;
				MTL_ENABLE_DEBUG_INFO = YES;
				ONLY_ACTIVE_ARCH = YES;
				SDKROOT = iphoneos;
			};
			name = Debug;
		};
		85973CDE1D6D49DE00DC74E7 /* Release */ = {
			isa = XCBuildConfiguration;
			buildSettings = {
				ALWAYS_SEARCH_USER_PATHS = NO;
				CLANG_ANALYZER_NONNULL = YES;
				CLANG_CXX_LANGUAGE_STANDARD = "gnu++0x";
				CLANG_CXX_LIBRARY = "libc++";
				CLANG_ENABLE_MODULES = YES;
				CLANG_ENABLE_OBJC_ARC = YES;
				CLANG_WARN_BOOL_CONVERSION = YES;
				CLANG_WARN_CONSTANT_CONVERSION = YES;
				CLANG_WARN_DIRECT_OBJC_ISA_USAGE = YES_ERROR;
				CLANG_WARN_EMPTY_BODY = YES;
				CLANG_WARN_ENUM_CONVERSION = YES;
				CLANG_WARN_INT_CONVERSION = YES;
				CLANG_WARN_OBJC_ROOT_CLASS = YES_ERROR;
				CLANG_WARN_UNREACHABLE_CODE = YES;
				CLANG_WARN__DUPLICATE_METHOD_MATCH = YES;
				"CODE_SIGN_IDENTITY[sdk=iphoneos*]" = "iPhone Developer";
				COPY_PHASE_STRIP = NO;
				DEBUG_INFORMATION_FORMAT = "dwarf-with-dsym";
				ENABLE_NS_ASSERTIONS = NO;
				ENABLE_STRICT_OBJC_MSGSEND = YES;
				GCC_C_LANGUAGE_STANDARD = gnu99;
				GCC_NO_COMMON_BLOCKS = YES;
				GCC_WARN_64_TO_32_BIT_CONVERSION = YES;
				GCC_WARN_ABOUT_RETURN_TYPE = YES_ERROR;
				GCC_WARN_UNDECLARED_SELECTOR = YES;
				GCC_WARN_UNINITIALIZED_AUTOS = YES_AGGRESSIVE;
				GCC_WARN_UNUSED_FUNCTION = YES;
				GCC_WARN_UNUSED_VARIABLE = YES;
				IPHONEOS_DEPLOYMENT_TARGET = 9.3;
				MTL_ENABLE_DEBUG_INFO = NO;
				SDKROOT = iphoneos;
				VALIDATE_PRODUCT = YES;
			};
			name = Release;
		};
		85973CE01D6D49DE00DC74E7 /* Debug */ = {
			isa = XCBuildConfiguration;
			baseConfigurationReference = D210050C36A65F51C5702723 /* Pods-Dreams.debug.xcconfig */;
			buildSettings = {
				ASSETCATALOG_COMPILER_APPICON_NAME = AppIcon;
				GCC_PRECOMPILE_PREFIX_HEADER = YES;
				GCC_PREFIX_HEADER = "$(SRCROOT)/Dreams/Classes/Other/PrefixHeader.pch";
				INFOPLIST_FILE = Dreams/Info.plist;
				LD_RUNPATH_SEARCH_PATHS = "$(inherited) @executable_path/Frameworks";
				PRODUCT_BUNDLE_IDENTIFIER = com.successful.Dreams;
				PRODUCT_NAME = "$(TARGET_NAME)";
			};
			name = Debug;
		};
		85973CE11D6D49DE00DC74E7 /* Release */ = {
			isa = XCBuildConfiguration;
			baseConfigurationReference = 41F840468E5D21D880CE9F39 /* Pods-Dreams.release.xcconfig */;
			buildSettings = {
				ASSETCATALOG_COMPILER_APPICON_NAME = AppIcon;
				GCC_PRECOMPILE_PREFIX_HEADER = YES;
				GCC_PREFIX_HEADER = "$(SRCROOT)/Dreams/Classes/Other/PrefixHeader.pch";
				INFOPLIST_FILE = Dreams/Info.plist;
				LD_RUNPATH_SEARCH_PATHS = "$(inherited) @executable_path/Frameworks";
				PRODUCT_BUNDLE_IDENTIFIER = com.successful.Dreams;
				PRODUCT_NAME = "$(TARGET_NAME)";
			};
			name = Release;
		};
		85973CE31D6D49DE00DC74E7 /* Debug */ = {
			isa = XCBuildConfiguration;
			buildSettings = {
				BUNDLE_LOADER = "$(TEST_HOST)";
				INFOPLIST_FILE = DreamsTests/Info.plist;
				LD_RUNPATH_SEARCH_PATHS = "$(inherited) @executable_path/Frameworks @loader_path/Frameworks";
				PRODUCT_BUNDLE_IDENTIFIER = com.successful.DreamsTests;
				PRODUCT_NAME = "$(TARGET_NAME)";
				TEST_HOST = "$(BUILT_PRODUCTS_DIR)/Dreams.app/Dreams";
			};
			name = Debug;
		};
		85973CE41D6D49DE00DC74E7 /* Release */ = {
			isa = XCBuildConfiguration;
			buildSettings = {
				BUNDLE_LOADER = "$(TEST_HOST)";
				INFOPLIST_FILE = DreamsTests/Info.plist;
				LD_RUNPATH_SEARCH_PATHS = "$(inherited) @executable_path/Frameworks @loader_path/Frameworks";
				PRODUCT_BUNDLE_IDENTIFIER = com.successful.DreamsTests;
				PRODUCT_NAME = "$(TARGET_NAME)";
				TEST_HOST = "$(BUILT_PRODUCTS_DIR)/Dreams.app/Dreams";
			};
			name = Release;
		};
		85973CE61D6D49DE00DC74E7 /* Debug */ = {
			isa = XCBuildConfiguration;
			buildSettings = {
				INFOPLIST_FILE = DreamsUITests/Info.plist;
				LD_RUNPATH_SEARCH_PATHS = "$(inherited) @executable_path/Frameworks @loader_path/Frameworks";
				PRODUCT_BUNDLE_IDENTIFIER = com.successful.DreamsUITests;
				PRODUCT_NAME = "$(TARGET_NAME)";
				TEST_TARGET_NAME = Dreams;
			};
			name = Debug;
		};
		85973CE71D6D49DE00DC74E7 /* Release */ = {
			isa = XCBuildConfiguration;
			buildSettings = {
				INFOPLIST_FILE = DreamsUITests/Info.plist;
				LD_RUNPATH_SEARCH_PATHS = "$(inherited) @executable_path/Frameworks @loader_path/Frameworks";
				PRODUCT_BUNDLE_IDENTIFIER = com.successful.DreamsUITests;
				PRODUCT_NAME = "$(TARGET_NAME)";
				TEST_TARGET_NAME = Dreams;
			};
			name = Release;
		};
/* End XCBuildConfiguration section */

/* Begin XCConfigurationList section */
		85973CAD1D6D49DD00DC74E7 /* Build configuration list for PBXProject "Dreams" */ = {
			isa = XCConfigurationList;
			buildConfigurations = (
				85973CDD1D6D49DE00DC74E7 /* Debug */,
				85973CDE1D6D49DE00DC74E7 /* Release */,
			);
			defaultConfigurationIsVisible = 0;
			defaultConfigurationName = Release;
		};
		85973CDF1D6D49DE00DC74E7 /* Build configuration list for PBXNativeTarget "Dreams" */ = {
			isa = XCConfigurationList;
			buildConfigurations = (
				85973CE01D6D49DE00DC74E7 /* Debug */,
				85973CE11D6D49DE00DC74E7 /* Release */,
			);
			defaultConfigurationIsVisible = 0;
			defaultConfigurationName = Release;
		};
		85973CE21D6D49DE00DC74E7 /* Build configuration list for PBXNativeTarget "DreamsTests" */ = {
			isa = XCConfigurationList;
			buildConfigurations = (
				85973CE31D6D49DE00DC74E7 /* Debug */,
				85973CE41D6D49DE00DC74E7 /* Release */,
			);
			defaultConfigurationIsVisible = 0;
			defaultConfigurationName = Release;
		};
		85973CE51D6D49DE00DC74E7 /* Build configuration list for PBXNativeTarget "DreamsUITests" */ = {
			isa = XCConfigurationList;
			buildConfigurations = (
				85973CE61D6D49DE00DC74E7 /* Debug */,
				85973CE71D6D49DE00DC74E7 /* Release */,
			);
			defaultConfigurationIsVisible = 0;
			defaultConfigurationName = Release;
		};
/* End XCConfigurationList section */
	};
	rootObject = 85973CAA1D6D49DD00DC74E7 /* Project object */;
}
